
Microsoft Visual Studio Solution File, Format Version 12.00
# Visual Studio 15
VisualStudioVersion = 15.0.28307.852
MinimumVisualStudioVersion = 10.0.40219.1
Project("{FAE04EC0-301F-11D3-BF4B-00C04F79EFBC}") = "MyLoC", "MyLoC\MyLoC.csproj", "{9DDA600D-0232-49B9-8E86-4B4F5CA633AD}"
EndProject
Global
	GlobalSection(SolutionConfigurationPlatforms) = preSolution
		Debug|Any CPU = Debug|Any CPU
		Release|Any CPU = Release|Any CPU
	EndGlobalSection
	GlobalSection(ProjectConfigurationPlatforms) = postSolution
		{9DDA600D-0232-49B9-8E86-4B4F5CA633AD}.Debug|Any CPU.ActiveCfg = Debug|Any CPU
		{9DDA600D-0232-49B9-8E86-4B4F5CA633AD}.Debug|Any CPU.Build.0 = Debug|Any CPU
		{9DDA600D-0232-49B9-8E86-4B4F5CA633AD}.Release|Any CPU.ActiveCfg = Release|Any CPU
		{9DDA600D-0232-49B9-8E86-4B4F5CA633AD}.Release|Any CPU.Build.0 = Release|Any CPU
	EndGlobalSection
	GlobalSection(SolutionProperties) = preSolution
		HideSolutionNode = FALSE
	EndGlobalSection
	GlobalSection(ExtensibilityGlobals) = postSolution
		SolutionGuid = {627B9F3E-D449-41FD-BC08-6B1D0237A8B0}
	EndGlobalSection
EndGlobal
