
Microsoft Visual Studio Solution File, Format Version 12.00
# Visual Studio 15
VisualStudioVersion = 15.0.28307.705
MinimumVisualStudioVersion = 10.0.40219.1
Project("{FAE04EC0-301F-11D3-BF4B-00C04F79EFBC}") = "ConsoleVariantApplications", "ConsoleVariantApplications\ConsoleVariantApplications.csproj", "{B8417ABD-6617-47D7-B024-1B006637BFB8}"
EndProject
Project("{FAE04EC0-301F-11D3-BF4B-00C04F79EFBC}") = "WindowsForms", "WindowsForms\WindowsForms.csproj", "{9FF5D3EB-1449-4218-B492-C3F90B732524}"
EndProject
Global
	GlobalSection(SolutionConfigurationPlatforms) = preSolution
		Debug|Any CPU = Debug|Any CPU
		Release|Any CPU = Release|Any CPU
	EndGlobalSection
	GlobalSection(ProjectConfigurationPlatforms) = postSolution
		{B8417ABD-6617-47D7-B024-1B006637BFB8}.Debug|Any CPU.ActiveCfg = Debug|Any CPU
		{B8417ABD-6617-47D7-B024-1B006637BFB8}.Debug|Any CPU.Build.0 = Debug|Any CPU
		{B8417ABD-6617-47D7-B024-1B006637BFB8}.Release|Any CPU.ActiveCfg = Release|Any CPU
		{B8417ABD-6617-47D7-B024-1B006637BFB8}.Release|Any CPU.Build.0 = Release|Any CPU
		{9FF5D3EB-1449-4218-B492-C3F90B732524}.Debug|Any CPU.ActiveCfg = Debug|Any CPU
		{9FF5D3EB-1449-4218-B492-C3F90B732524}.Debug|Any CPU.Build.0 = Debug|Any CPU
		{9FF5D3EB-1449-4218-B492-C3F90B732524}.Release|Any CPU.ActiveCfg = Release|Any CPU
		{9FF5D3EB-1449-4218-B492-C3F90B732524}.Release|Any CPU.Build.0 = Release|Any CPU
	EndGlobalSection
	GlobalSection(SolutionProperties) = preSolution
		HideSolutionNode = FALSE
	EndGlobalSection
	GlobalSection(ExtensibilityGlobals) = postSolution
		SolutionGuid = {D2D02120-5CDD-4F6F-8CAE-87E97BD1F583}
	EndGlobalSection
EndGlobal
